// !$*UTF8*$!
{
	archiveVersion = 1;
	classes = {
	};
	objectVersion = 56;
	objects = {

/* Begin PBXBuildFile section */
		17FB711D2A8196C60062D7FA /* AppDelegate.swift in Sources */ = {isa = PBXBuildFile; fileRef = 17FB711C2A8196C60062D7FA /* AppDelegate.swift */; };
		17FB711F2A8196C60062D7FA /* SceneDelegate.swift in Sources */ = {isa = PBXBuildFile; fileRef = 17FB711E2A8196C60062D7FA /* SceneDelegate.swift */; };
		17FB71212A8196C60062D7FA /* ConversationsViewController.swift in Sources */ = {isa = PBXBuildFile; fileRef = 17FB71202A8196C60062D7FA /* ConversationsViewController.swift */; };
		17FB71242A8196C60062D7FA /* Main.storyboard in Resources */ = {isa = PBXBuildFile; fileRef = 17FB71222A8196C60062D7FA /* Main.storyboard */; };
		17FB71262A8196C70062D7FA /* Assets.xcassets in Resources */ = {isa = PBXBuildFile; fileRef = 17FB71252A8196C70062D7FA /* Assets.xcassets */; };
		17FB71292A8196C70062D7FA /* LaunchScreen.storyboard in Resources */ = {isa = PBXBuildFile; fileRef = 17FB71272A8196C70062D7FA /* LaunchScreen.storyboard */; };
		17FB71452A81A5620062D7FA /* LoginViewController.swift in Sources */ = {isa = PBXBuildFile; fileRef = 17FB71442A81A5620062D7FA /* LoginViewController.swift */; };
		17FB71472A81A5710062D7FA /* RegisterViewController.swift in Sources */ = {isa = PBXBuildFile; fileRef = 17FB71462A81A5710062D7FA /* RegisterViewController.swift */; };
		17FB71492A81A5810062D7FA /* PhotoViewerViewController.swift in Sources */ = {isa = PBXBuildFile; fileRef = 17FB71482A81A5810062D7FA /* PhotoViewerViewController.swift */; };
		17FB714B2A81A58C0062D7FA /* VideoPlayerViewController.swift in Sources */ = {isa = PBXBuildFile; fileRef = 17FB714A2A81A58C0062D7FA /* VideoPlayerViewController.swift */; };
		17FB714D2A81A5980062D7FA /* NewConversationViewController.swift in Sources */ = {isa = PBXBuildFile; fileRef = 17FB714C2A81A5980062D7FA /* NewConversationViewController.swift */; };
		17FB71502A81A9120062D7FA /* Extensions.swift in Sources */ = {isa = PBXBuildFile; fileRef = 17FB714F2A81A9120062D7FA /* Extensions.swift */; };
/* End PBXBuildFile section */

/* Begin PBXFileReference section */
		17FB71192A8196C60062D7FA /* Eventer_Test.app */ = {isa = PBXFileReference; explicitFileType = wrapper.application; includeInIndex = 0; path = Eventer_Test.app; sourceTree = BUILT_PRODUCTS_DIR; };
		17FB711C2A8196C60062D7FA /* AppDelegate.swift */ = {isa = PBXFileReference; lastKnownFileType = sourcecode.swift; path = AppDelegate.swift; sourceTree = "<group>"; };
		17FB711E2A8196C60062D7FA /* SceneDelegate.swift */ = {isa = PBXFileReference; lastKnownFileType = sourcecode.swift; path = SceneDelegate.swift; sourceTree = "<group>"; };
		17FB71202A8196C60062D7FA /* ConversationsViewController.swift */ = {isa = PBXFileReference; lastKnownFileType = sourcecode.swift; path = ConversationsViewController.swift; sourceTree = "<group>"; };
		17FB71232A8196C60062D7FA /* Base */ = {isa = PBXFileReference; lastKnownFileType = file.storyboard; name = Base; path = Base.lproj/Main.storyboard; sourceTree = "<group>"; };
		17FB71252A8196C70062D7FA /* Assets.xcassets */ = {isa = PBXFileReference; lastKnownFileType = folder.assetcatalog; path = Assets.xcassets; sourceTree = "<group>"; };
		17FB71282A8196C70062D7FA /* Base */ = {isa = PBXFileReference; lastKnownFileType = file.storyboard; name = Base; path = Base.lproj/LaunchScreen.storyboard; sourceTree = "<group>"; };
		17FB712A2A8196C70062D7FA /* Info.plist */ = {isa = PBXFileReference; lastKnownFileType = text.plist.xml; path = Info.plist; sourceTree = "<group>"; };
		17FB71442A81A5620062D7FA /* LoginViewController.swift */ = {isa = PBXFileReference; lastKnownFileType = sourcecode.swift; path = LoginViewController.swift; sourceTree = "<group>"; };
		17FB71462A81A5710062D7FA /* RegisterViewController.swift */ = {isa = PBXFileReference; lastKnownFileType = sourcecode.swift; path = RegisterViewController.swift; sourceTree = "<group>"; };
		17FB71482A81A5810062D7FA /* PhotoViewerViewController.swift */ = {isa = PBXFileReference; lastKnownFileType = sourcecode.swift; path = PhotoViewerViewController.swift; sourceTree = "<group>"; };
		17FB714A2A81A58C0062D7FA /* VideoPlayerViewController.swift */ = {isa = PBXFileReference; lastKnownFileType = sourcecode.swift; path = VideoPlayerViewController.swift; sourceTree = "<group>"; };
		17FB714C2A81A5980062D7FA /* NewConversationViewController.swift */ = {isa = PBXFileReference; lastKnownFileType = sourcecode.swift; path = NewConversationViewController.swift; sourceTree = "<group>"; };
		17FB714F2A81A9120062D7FA /* Extensions.swift */ = {isa = PBXFileReference; lastKnownFileType = sourcecode.swift; path = Extensions.swift; sourceTree = "<group>"; };
/* End PBXFileReference section */

/* Begin PBXFrameworksBuildPhase section */
		17FB71162A8196C60062D7FA /* Frameworks */ = {
			isa = PBXFrameworksBuildPhase;
			buildActionMask = 2147483647;
			files = (
			);
			runOnlyForDeploymentPostprocessing = 0;
		};
/* End PBXFrameworksBuildPhase section */

/* Begin PBXGroup section */
		17FB71102A8196C60062D7FA = {
			isa = PBXGroup;
			children = (
				17FB711B2A8196C60062D7FA /* Eventer_Test */,
				17FB711A2A8196C60062D7FA /* Products */,
			);
			sourceTree = "<group>";
		};
		17FB711A2A8196C60062D7FA /* Products */ = {
			isa = PBXGroup;
			children = (
				17FB71192A8196C60062D7FA /* Eventer_Test.app */,
			);
			name = Products;
			sourceTree = "<group>";
		};
		17FB711B2A8196C60062D7FA /* Eventer_Test */ = {
			isa = PBXGroup;
			children = (
				17FB71342A8199300062D7FA /* Resources */,
				17FB71332A8199270062D7FA /* ViewModels */,
				17FB71322A8199190062D7FA /* Models */,
				17FB71312A8199100062D7FA /* Views */,
				17FB71302A8199040062D7FA /* Controllers */,
				17FB712A2A8196C70062D7FA /* Info.plist */,
			);
			path = Eventer_Test;
			sourceTree = "<group>";
		};
		17FB71302A8199040062D7FA /* Controllers */ = {
			isa = PBXGroup;
			children = (
				17FB71202A8196C60062D7FA /* ConversationsViewController.swift */,
				17FB714E2A81A5A20062D7FA /* Login_Register */,
				17FB71482A81A5810062D7FA /* PhotoViewerViewController.swift */,
				17FB714A2A81A58C0062D7FA /* VideoPlayerViewController.swift */,
				17FB714C2A81A5980062D7FA /* NewConversationViewController.swift */,
			);
			path = Controllers;
			sourceTree = "<group>";
		};
		17FB71312A8199100062D7FA /* Views */ = {
			isa = PBXGroup;
			children = (
				17FB71352A8199620062D7FA /* Storyboards */,
				17FB71252A8196C70062D7FA /* Assets.xcassets */,
			);
			path = Views;
			sourceTree = "<group>";
		};
		17FB71322A8199190062D7FA /* Models */ = {
			isa = PBXGroup;
			children = (
			);
			path = Models;
			sourceTree = "<group>";
		};
		17FB71332A8199270062D7FA /* ViewModels */ = {
			isa = PBXGroup;
			children = (
			);
			path = ViewModels;
			sourceTree = "<group>";
		};
		17FB71342A8199300062D7FA /* Resources */ = {
			isa = PBXGroup;
			children = (
				17FB711C2A8196C60062D7FA /* AppDelegate.swift */,
				17FB711E2A8196C60062D7FA /* SceneDelegate.swift */,
				17FB714F2A81A9120062D7FA /* Extensions.swift */,
			);
			path = Resources;
			sourceTree = "<group>";
		};
		17FB71352A8199620062D7FA /* Storyboards */ = {
			isa = PBXGroup;
			children = (
				17FB71222A8196C60062D7FA /* Main.storyboard */,
				17FB71272A8196C70062D7FA /* LaunchScreen.storyboard */,
			);
			path = Storyboards;
			sourceTree = "<group>";
		};
		17FB714E2A81A5A20062D7FA /* Login_Register */ = {
			isa = PBXGroup;
			children = (
				17FB71442A81A5620062D7FA /* LoginViewController.swift */,
				17FB71462A81A5710062D7FA /* RegisterViewController.swift */,
			);
			path = Login_Register;
			sourceTree = "<group>";
		};
/* End PBXGroup section */

/* Begin PBXNativeTarget section */
		17FB71182A8196C60062D7FA /* Eventer_Test */ = {
			isa = PBXNativeTarget;
			buildConfigurationList = 17FB712D2A8196C70062D7FA /* Build configuration list for PBXNativeTarget "Eventer_Test" */;
			buildPhases = (
				17FB71152A8196C60062D7FA /* Sources */,
				17FB71162A8196C60062D7FA /* Frameworks */,
				17FB71172A8196C60062D7FA /* Resources */,
			);
			buildRules = (
			);
			dependencies = (
			);
			name = Eventer_Test;
			productName = Eventer_Test;
			productReference = 17FB71192A8196C60062D7FA /* Eventer_Test.app */;
			productType = "com.apple.product-type.application";
		};
/* End PBXNativeTarget section */

/* Begin PBXProject section */
		17FB71112A8196C60062D7FA /* Project object */ = {
			isa = PBXProject;
			attributes = {
				BuildIndependentTargetsInParallel = 1;
				LastSwiftUpdateCheck = 1430;
				LastUpgradeCheck = 1430;
				TargetAttributes = {
					17FB71182A8196C60062D7FA = {
						CreatedOnToolsVersion = 14.3.1;
					};
				};
			};
			buildConfigurationList = 17FB71142A8196C60062D7FA /* Build configuration list for PBXProject "Eventer_Test" */;
			compatibilityVersion = "Xcode 14.0";
			developmentRegion = en;
			hasScannedForEncodings = 0;
			knownRegions = (
				en,
				Base,
			);
			mainGroup = 17FB71102A8196C60062D7FA;
			productRefGroup = 17FB711A2A8196C60062D7FA /* Products */;
			projectDirPath = "";
			projectRoot = "";
			targets = (
				17FB71182A8196C60062D7FA /* Eventer_Test */,
			);
		};
/* End PBXProject section */

/* Begin PBXResourcesBuildPhase section */
		17FB71172A8196C60062D7FA /* Resources */ = {
			isa = PBXResourcesBuildPhase;
			buildActionMask = 2147483647;
			files = (
				17FB71292A8196C70062D7FA /* LaunchScreen.storyboard in Resources */,
				17FB71262A8196C70062D7FA /* Assets.xcassets in Resources */,
				17FB71242A8196C60062D7FA /* Main.storyboard in Resources */,
			);
			runOnlyForDeploymentPostprocessing = 0;
		};
/* End PBXResourcesBuildPhase section */

/* Begin PBXSourcesBuildPhase section */
		17FB71152A8196C60062D7FA /* Sources */ = {
			isa = PBXSourcesBuildPhase;
			buildActionMask = 2147483647;
			files = (
				17FB71452A81A5620062D7FA /* LoginViewController.swift in Sources */,
				17FB71502A81A9120062D7FA /* Extensions.swift in Sources */,
				17FB71472A81A5710062D7FA /* RegisterViewController.swift in Sources */,
				17FB714D2A81A5980062D7FA /* NewConversationViewController.swift in Sources */,
				17FB71212A8196C60062D7FA /* ConversationsViewController.swift in Sources */,
				17FB714B2A81A58C0062D7FA /* VideoPlayerViewController.swift in Sources */,
				17FB711D2A8196C60062D7FA /* AppDelegate.swift in Sources */,
				17FB711F2A8196C60062D7FA /* SceneDelegate.swift in Sources */,
				17FB71492A81A5810062D7FA /* PhotoViewerViewController.swift in Sources */,
			);
			runOnlyForDeploymentPostprocessing = 0;
		};
/* End PBXSourcesBuildPhase section */

/* Begin PBXVariantGroup section */
		17FB71222A8196C60062D7FA /* Main.storyboard */ = {
			isa = PBXVariantGroup;
			children = (
				17FB71232A8196C60062D7FA /* Base */,
			);
			name = Main.storyboard;
			sourceTree = "<group>";
		};
		17FB71272A8196C70062D7FA /* LaunchScreen.storyboard */ = {
			isa = PBXVariantGroup;
			children = (
				17FB71282A8196C70062D7FA /* Base */,
			);
			name = LaunchScreen.storyboard;
			sourceTree = "<group>";
		};
/* End PBXVariantGroup section */

/* Begin XCBuildConfiguration section */
		17FB712B2A8196C70062D7FA /* Debug */ = {
			isa = XCBuildConfiguration;
			buildSettings = {
				ALWAYS_SEARCH_USER_PATHS = NO;
				CLANG_ANALYZER_NONNULL = YES;
				CLANG_ANALYZER_NUMBER_OBJECT_CONVERSION = YES_AGGRESSIVE;
				CLANG_CXX_LANGUAGE_STANDARD = "gnu++20";
				CLANG_ENABLE_MODULES = YES;
				CLANG_ENABLE_OBJC_ARC = YES;
				CLANG_ENABLE_OBJC_WEAK = YES;
				CLANG_WARN_BLOCK_CAPTURE_AUTORELEASING = YES;
				CLANG_WARN_BOOL_CONVERSION = YES;
				CLANG_WARN_COMMA = YES;
				CLANG_WARN_CONSTANT_CONVERSION = YES;
				CLANG_WARN_DEPRECATED_OBJC_IMPLEMENTATIONS = YES;
				CLANG_WARN_DIRECT_OBJC_ISA_USAGE = YES_ERROR;
				CLANG_WARN_DOCUMENTATION_COMMENTS = YES;
				CLANG_WARN_EMPTY_BODY = YES;
				CLANG_WARN_ENUM_CONVERSION = YES;
				CLANG_WARN_INFINITE_RECURSION = YES;
				CLANG_WARN_INT_CONVERSION = YES;
				CLANG_WARN_NON_LITERAL_NULL_CONVERSION = YES;
				CLANG_WARN_OBJC_IMPLICIT_RETAIN_SELF = YES;
				CLANG_WARN_OBJC_LITERAL_CONVERSION = YES;
				CLANG_WARN_OBJC_ROOT_CLASS = YES_ERROR;
				CLANG_WARN_QUOTED_INCLUDE_IN_FRAMEWORK_HEADER = YES;
				CLANG_WARN_RANGE_LOOP_ANALYSIS = YES;
				CLANG_WARN_STRICT_PROTOTYPES = YES;
				CLANG_WARN_SUSPICIOUS_MOVE = YES;
				CLANG_WARN_UNGUARDED_AVAILABILITY = YES_AGGRESSIVE;
				CLANG_WARN_UNREACHABLE_CODE = YES;
				CLANG_WARN__DUPLICATE_METHOD_MATCH = YES;
				COPY_PHASE_STRIP = NO;
				DEBUG_INFORMATION_FORMAT = dwarf;
				ENABLE_STRICT_OBJC_MSGSEND = YES;
				ENABLE_TESTABILITY = YES;
				GCC_C_LANGUAGE_STANDARD = gnu11;
				GCC_DYNAMIC_NO_PIC = NO;
				GCC_NO_COMMON_BLOCKS = YES;
				GCC_OPTIMIZATION_LEVEL = 0;
				GCC_PREPROCESSOR_DEFINITIONS = (
					"DEBUG=1",
					"$(inherited)",
				);
				GCC_WARN_64_TO_32_BIT_CONVERSION = YES;
				GCC_WARN_ABOUT_RETURN_TYPE = YES_ERROR;
				GCC_WARN_UNDECLARED_SELECTOR = YES;
				GCC_WARN_UNINITIALIZED_AUTOS = YES_AGGRESSIVE;
				GCC_WARN_UNUSED_FUNCTION = YES;
				GCC_WARN_UNUSED_VARIABLE = YES;
				IPHONEOS_DEPLOYMENT_TARGET = 16.4;
				MTL_ENABLE_DEBUG_INFO = INCLUDE_SOURCE;
				MTL_FAST_MATH = YES;
				ONLY_ACTIVE_ARCH = YES;
				SDKROOT = iphoneos;
				SWIFT_ACTIVE_COMPILATION_CONDITIONS = DEBUG;
				SWIFT_OPTIMIZATION_LEVEL = "-Onone";
			};
			name = Debug;
		};
		17FB712C2A8196C70062D7FA /* Release */ = {
			isa = XCBuildConfiguration;
			buildSettings = {
				ALWAYS_SEARCH_USER_PATHS = NO;
				CLANG_ANALYZER_NONNULL = YES;
				CLANG_ANALYZER_NUMBER_OBJECT_CONVERSION = YES_AGGRESSIVE;
				CLANG_CXX_LANGUAGE_STANDARD = "gnu++20";
				CLANG_ENABLE_MODULES = YES;
				CLANG_ENABLE_OBJC_ARC = YES;
				CLANG_ENABLE_OBJC_WEAK = YES;
				CLANG_WARN_BLOCK_CAPTURE_AUTORELEASING = YES;
				CLANG_WARN_BOOL_CONVERSION = YES;
				CLANG_WARN_COMMA = YES;
				CLANG_WARN_CONSTANT_CONVERSION = YES;
				CLANG_WARN_DEPRECATED_OBJC_IMPLEMENTATIONS = YES;
				CLANG_WARN_DIRECT_OBJC_ISA_USAGE = YES_ERROR;
				CLANG_WARN_DOCUMENTATION_COMMENTS = YES;
				CLANG_WARN_EMPTY_BODY = YES;
				CLANG_WARN_ENUM_CONVERSION = YES;
				CLANG_WARN_INFINITE_RECURSION = YES;
				CLANG_WARN_INT_CONVERSION = YES;
				CLANG_WARN_NON_LITERAL_NULL_CONVERSION = YES;
				CLANG_WARN_OBJC_IMPLICIT_RETAIN_SELF = YES;
				CLANG_WARN_OBJC_LITERAL_CONVERSION = YES;
				CLANG_WARN_OBJC_ROOT_CLASS = YES_ERROR;
				CLANG_WARN_QUOTED_INCLUDE_IN_FRAMEWORK_HEADER = YES;
				CLANG_WARN_RANGE_LOOP_ANALYSIS = YES;
				CLANG_WARN_STRICT_PROTOTYPES = YES;
				CLANG_WARN_SUSPICIOUS_MOVE = YES;
				CLANG_WARN_UNGUARDED_AVAILABILITY = YES_AGGRESSIVE;
				CLANG_WARN_UNREACHABLE_CODE = YES;
				CLANG_WARN__DUPLICATE_METHOD_MATCH = YES;
				COPY_PHASE_STRIP = NO;
				DEBUG_INFORMATION_FORMAT = "dwarf-with-dsym";
				ENABLE_NS_ASSERTIONS = NO;
				ENABLE_STRICT_OBJC_MSGSEND = YES;
				GCC_C_LANGUAGE_STANDARD = gnu11;
				GCC_NO_COMMON_BLOCKS = YES;
				GCC_WARN_64_TO_32_BIT_CONVERSION = YES;
				GCC_WARN_ABOUT_RETURN_TYPE = YES_ERROR;
				GCC_WARN_UNDECLARED_SELECTOR = YES;
				GCC_WARN_UNINITIALIZED_AUTOS = YES_AGGRESSIVE;
				GCC_WARN_UNUSED_FUNCTION = YES;
				GCC_WARN_UNUSED_VARIABLE = YES;
				IPHONEOS_DEPLOYMENT_TARGET = 16.4;
				MTL_ENABLE_DEBUG_INFO = NO;
				MTL_FAST_MATH = YES;
				SDKROOT = iphoneos;
				SWIFT_COMPILATION_MODE = wholemodule;
				SWIFT_OPTIMIZATION_LEVEL = "-O";
				VALIDATE_PRODUCT = YES;
			};
			name = Release;
		};
		17FB712E2A8196C70062D7FA /* Debug */ = {
			isa = XCBuildConfiguration;
			buildSettings = {
				ASSETCATALOG_COMPILER_APPICON_NAME = AppIcon;
				ASSETCATALOG_COMPILER_GLOBAL_ACCENT_COLOR_NAME = AccentColor;
				CODE_SIGN_STYLE = Automatic;
				CURRENT_PROJECT_VERSION = 1;
				GENERATE_INFOPLIST_FILE = YES;
				INFOPLIST_FILE = Eventer_Test/Info.plist;
				INFOPLIST_KEY_UIApplicationSupportsIndirectInputEvents = YES;
				INFOPLIST_KEY_UILaunchStoryboardName = LaunchScreen;
				INFOPLIST_KEY_UIMainStoryboardFile = Main;
				INFOPLIST_KEY_UISupportedInterfaceOrientations = UIInterfaceOrientationPortrait;
				LD_RUNPATH_SEARCH_PATHS = (
					"$(inherited)",
					"@executable_path/Frameworks",
				);
				MARKETING_VERSION = 1.0;
				PRODUCT_BUNDLE_IDENTIFIER = "Justin-Zhang.Eventer-Test";
				PRODUCT_NAME = "$(TARGET_NAME)";
				SWIFT_EMIT_LOC_STRINGS = YES;
				SWIFT_VERSION = 5.0;
				TARGETED_DEVICE_FAMILY = "1,2";
			};
			name = Debug;
		};
		17FB712F2A8196C70062D7FA /* Release */ = {
			isa = XCBuildConfiguration;
			buildSettings = {
				ASSETCATALOG_COMPILER_APPICON_NAME = AppIcon;
				ASSETCATALOG_COMPILER_GLOBAL_ACCENT_COLOR_NAME = AccentColor;
				CODE_SIGN_STYLE = Automatic;
				CURRENT_PROJECT_VERSION = 1;
				GENERATE_INFOPLIST_FILE = YES;
				INFOPLIST_FILE = Eventer_Test/Info.plist;
				INFOPLIST_KEY_UIApplicationSupportsIndirectInputEvents = YES;
				INFOPLIST_KEY_UILaunchStoryboardName = LaunchScreen;
				INFOPLIST_KEY_UIMainStoryboardFile = Main;
				INFOPLIST_KEY_UISupportedInterfaceOrientations = UIInterfaceOrientationPortrait;
				LD_RUNPATH_SEARCH_PATHS = (
					"$(inherited)",
					"@executable_path/Frameworks",
				);
				MARKETING_VERSION = 1.0;
				PRODUCT_BUNDLE_IDENTIFIER = "Justin-Zhang.Eventer-Test";
				PRODUCT_NAME = "$(TARGET_NAME)";
				SWIFT_EMIT_LOC_STRINGS = YES;
				SWIFT_VERSION = 5.0;
				TARGETED_DEVICE_FAMILY = "1,2";
			};
			name = Release;
		};
/* End XCBuildConfiguration section */

/* Begin XCConfigurationList section */
		17FB71142A8196C60062D7FA /* Build configuration list for PBXProject "Eventer_Test" */ = {
			isa = XCConfigurationList;
			buildConfigurations = (
				17FB712B2A8196C70062D7FA /* Debug */,
				17FB712C2A8196C70062D7FA /* Release */,
			);
			defaultConfigurationIsVisible = 0;
			defaultConfigurationName = Release;
		};
		17FB712D2A8196C70062D7FA /* Build configuration list for PBXNativeTarget "Eventer_Test" */ = {
			isa = XCConfigurationList;
			buildConfigurations = (
				17FB712E2A8196C70062D7FA /* Debug */,
				17FB712F2A8196C70062D7FA /* Release */,
			);
			defaultConfigurationIsVisible = 0;
			defaultConfigurationName = Release;
		};
/* End XCConfigurationList section */
	};
	rootObject = 17FB71112A8196C60062D7FA /* Project object */;
}
